lockfileVersion: '6.0'

settings:
  autoInstallPeers: true
  excludeLinksFromLockfile: false

dependencies:
  chart.js:
    specifier: ^4.4.6
    version: 4.4.6
  react-chartjs-2:
    specifier: ^5.2.0
    version: 5.2.0(chart.js@4.4.6)(react@18.3.1)

packages:

  /@kurkle/color@0.3.4:
    resolution: {integrity: sha512-M5UknZPHRu3DEDWoipU6sE8PdkZ6Z/S+v4dD+Ke8IaNlpdSQah50lz1KtcFBa2vsdOnwbbnxJwVM4wty6udA5w==}
    dev: false

  /chart.js@4.4.6:
    resolution: {integrity: sha512-8Y406zevUPbbIBA/HRk33khEmQPk5+cxeflWE/2rx1NJsjVWMPw/9mSP9rxHP5eqi6LNoPBVMfZHxbwLSgldYA==}
    engines: {pnpm: '>=8'}
    dependencies:
      '@kurkle/color': 0.3.4
    dev: false

  /js-tokens@4.0.0:
    resolution: {integrity: sha512-RdJUflcE3cUzKiMqQgsCu06FPu9UdIJO0beYbPhHN4k6apgJtifcoCtT9bcxOpYBtpD2kCM6Sbzg4CausW/PKQ==}
    dev: false

  /loose-envify@1.4.0:
    resolution: {integrity: sha512-lyuxPGr/Wfhrlem2CL/UcnUc1zcqKAImBDzukY7Y5F/yQiNdko6+fRLevlw1HgMySw7f611UIY408EtxRSoK3Q==}
    hasBin: true
    dependencies:
      js-tokens: 4.0.0
    dev: false

  /react-chartjs-2@5.2.0(chart.js@4.4.6)(react@18.3.1):
    resolution: {integrity: sha512-98iN5aguJyVSxp5U3CblRLH67J8gkfyGNbiK3c+l1QI/G4irHMPQw44aEPmjVag+YKTyQ260NcF82GTQ3bdscA==}
    peerDependencies:
      chart.js: ^4.1.1
      react: ^16.8.0 || ^17.0.0 || ^18.0.0
    dependencies:
      chart.js: 4.4.6
      react: 18.3.1
    dev: false

  /react@18.3.1:
    resolution: {integrity: sha512-wS+hAgJShR0KhEvPJArfuPVN1+Hz1t0Y6n5jLrGQbkb4urgPE/0Rve+1kMB1v/oWgHgm4WIcV+i7F2pTVj+2iQ==}
    engines: {node: '>=0.10.0'}
    dependencies:
      loose-envify: 1.4.0
    dev: false
